
Microsoft Visual Studio Solution File, Format Version 12.00
# Visual Studio Version 17
VisualStudioVersion = 17.11.35312.102
MinimumVisualStudioVersion = 10.0.40219.1
Project("{2150E333-8FDC-42A3-9474-1A3956D46DE8}") = "src", "src", "{0D8C956F-A7CD-4761-A7DE-EB7A714C5052}"
EndProject
Project("{2150E333-8FDC-42A3-9474-1A3956D46DE8}") = "Database", "Database", "{29E55057-30A9-4957-BDA3-7C013374B6FD}"
EndProject
Project("{2150E333-8FDC-42A3-9474-1A3956D46DE8}") = "scripts", "scripts", "{03E74189-21E4-44E8-9C77-2C808829E987}"
	ProjectSection(SolutionItems) = preProject
		consulta_otimizada.sql = consulta_otimizada.sql
		criacao_index.sql = criacao_index.sql
		criacao_tabelas.sql = criacao_tabelas.sql
		trigger_atualizacao_cotacao.sql = trigger_atualizacao_cotacao.sql
	EndProjectSection
EndProject
Project("{2150E333-8FDC-42A3-9474-1A3956D46DE8}") = "justificativas", "justificativas", "{D492D8E8-2409-47C0-AA60-B7B53CA71C26}"
	ProjectSection(SolutionItems) = preProject
		justificativa_index.txt = justificativa_index.txt
		justificativa_tipo_dados.txt = justificativa_tipo_dados.txt
	EndProjectSection
EndProject
Project("{9A19103F-16F7-4668-BE54-9A1E7A4F7556}") = "ItauChallenge.Core", "ItauChallenge.Core\ItauChallenge.Core.csproj", "{38881E37-BA45-4123-9CDD-97EB76D08CEC}"
EndProject
Global
	GlobalSection(SolutionConfigurationPlatforms) = preSolution
		Debug|Any CPU = Debug|Any CPU
		Release|Any CPU = Release|Any CPU
	EndGlobalSection
	GlobalSection(ProjectConfigurationPlatforms) = postSolution
		{38881E37-BA45-4123-9CDD-97EB76D08CEC}.Debug|Any CPU.ActiveCfg = Debug|Any CPU
		{38881E37-BA45-4123-9CDD-97EB76D08CEC}.Debug|Any CPU.Build.0 = Debug|Any CPU
		{38881E37-BA45-4123-9CDD-97EB76D08CEC}.Release|Any CPU.ActiveCfg = Release|Any CPU
		{38881E37-BA45-4123-9CDD-97EB76D08CEC}.Release|Any CPU.Build.0 = Release|Any CPU
	EndGlobalSection
	GlobalSection(SolutionProperties) = preSolution
		HideSolutionNode = FALSE
	EndGlobalSection
	GlobalSection(NestedProjects) = preSolution
		{03E74189-21E4-44E8-9C77-2C808829E987} = {29E55057-30A9-4957-BDA3-7C013374B6FD}
		{D492D8E8-2409-47C0-AA60-B7B53CA71C26} = {29E55057-30A9-4957-BDA3-7C013374B6FD}
		{38881E37-BA45-4123-9CDD-97EB76D08CEC} = {0D8C956F-A7CD-4761-A7DE-EB7A714C5052}
	EndGlobalSection
	GlobalSection(ExtensibilityGlobals) = postSolution
		SolutionGuid = {8D8B5A15-B2F8-47A5-AED7-CAF13A7FD896}
	EndGlobalSection
EndGlobal
