
Microsoft Visual Studio Solution File, Format Version 12.00
# Visual Studio Version 17
VisualStudioVersion = 17.11.35312.102
MinimumVisualStudioVersion = 10.0.40219.1
Project("{2150E333-8FDC-42A3-9474-1A3956D46DE8}") = "src", "src", "{0D8C956F-A7CD-4761-A7DE-EB7A714C5052}"
EndProject
Project("{2150E333-8FDC-42A3-9474-1A3956D46DE8}") = "Database", "Database", "{29E55057-30A9-4957-BDA3-7C013374B6FD}"
	ProjectSection(SolutionItems) = preProject
		.gitkeep = .gitkeep
	EndProjectSection
EndProject
Project("{2150E333-8FDC-42A3-9474-1A3956D46DE8}") = "scripts", "scripts", "{03E74189-21E4-44E8-9C77-2C808829E987}"
	ProjectSection(SolutionItems) = preProject
		consulta_otimizada.sql = consulta_otimizada.sql
		criacao_dados_ficticios.sql = criacao_dados_ficticios.sql
		criacao_index.sql = criacao_index.sql
		criacao_tabelas.sql = criacao_tabelas.sql
		trigger_atualizacao_cotacao.sql = trigger_atualizacao_cotacao.sql
	EndProjectSection
EndProject
Project("{2150E333-8FDC-42A3-9474-1A3956D46DE8}") = "justificativas", "justificativas", "{D492D8E8-2409-47C0-AA60-B7B53CA71C26}"
	ProjectSection(SolutionItems) = preProject
		justificativa_tipo_dados.md = justificativa_tipo_dados.md
		justificativa_index.md = justificativa_index.md
	EndProjectSection
EndProject
Project("{9A19103F-16F7-4668-BE54-9A1E7A4F7556}") = "ItauChallenge.Core", "ItauChallenge.Core\ItauChallenge.Core.csproj", "{38881E37-BA45-4123-9CDD-97EB76D08CEC}"
EndProject
Project("{FAE04EC0-301F-11D3-BF4B-00C04F79EFBC}") = "ItauChallenge.Infrastructure", "ItauChallenge.Infrastructure\ItauChallenge.Infrastructure.csproj", "{2EB22F88-7F67-411A-907F-E2BEE6E87D0F}"
EndProject
Project("{FAE04EC0-301F-11D3-BF4B-00C04F79EFBC}") = "ItauChallenge.Application", "ItauChallenge.Application\ItauChallenge.Application.csproj", "{C02A4F95-832B-49E5-9EF7-9793590C06B3}"
EndProject
Project("{FAE04EC0-301F-11D3-BF4B-00C04F79EFBC}") = "ItauChallenge.ConsoleApp", "ItauChallenge.ConsoleApp\ItauChallenge.ConsoleApp.csproj", "{2B6F2558-3C7F-471C-B8BF-C9BFA5554C41}"
EndProject
Project("{2150E333-8FDC-42A3-9474-1A3956D46DE8}") = "tests", "tests", "{67AF0932-9566-4593-B897-4D158FA48752}"
EndProject
Project("{FAE04EC0-301F-11D3-BF4B-00C04F79EFBC}") = "ItauChallenge.Core.Tests", "ItauChallenge.Core.Tests\ItauChallenge.Core.Tests.csproj", "{6404FB8F-4A44-413C-8FAB-3052B4BBCA13}"
EndProject
Project("{2150E333-8FDC-42A3-9474-1A3956D46DE8}") = "docs", "docs", "{1965D117-D772-417C-A8A3-B3BE05561232}"
	ProjectSection(SolutionItems) = preProject
		documentacaoApi.json = documentacaoApi.json
		escalabilidade_performance.md = escalabilidade_performance.md
		testes_mutantes.md = testes_mutantes.md
	EndProjectSection
EndProject
Project("{FAE04EC0-301F-11D3-BF4B-00C04F79EFBC}") = "ItauChallenge.WorkerService", "ItauChallenge.WorkerService\ItauChallenge.WorkerService.csproj", "{F138A789-61B7-4123-8105-E659901C3CF8}"
EndProject
Project("{2150E333-8FDC-42A3-9474-1A3956D46DE8}") = "dockersUtilizados", "dockersUtilizados", "{98956F44-8785-44CD-B6C3-1DBFF9F80416}"
	ProjectSection(SolutionItems) = preProject
		docker-kafka-ui.yml = docker-kafka-ui.yml
	EndProjectSection
EndProject
Project("{FAE04EC0-301F-11D3-BF4B-00C04F79EFBC}") = "ItauChallenge.Api", "ItauChallenge.Api\ItauChallenge.Api.csproj", "{BCF5C327-716A-4728-8AEA-4CE2B4C41975}"
EndProject
Global
	GlobalSection(SolutionConfigurationPlatforms) = preSolution
		Debug|Any CPU = Debug|Any CPU
		Release|Any CPU = Release|Any CPU
	EndGlobalSection
	GlobalSection(ProjectConfigurationPlatforms) = postSolution
		{38881E37-BA45-4123-9CDD-97EB76D08CEC}.Debug|Any CPU.ActiveCfg = Debug|Any CPU
		{38881E37-BA45-4123-9CDD-97EB76D08CEC}.Debug|Any CPU.Build.0 = Debug|Any CPU
		{38881E37-BA45-4123-9CDD-97EB76D08CEC}.Release|Any CPU.ActiveCfg = Release|Any CPU
		{38881E37-BA45-4123-9CDD-97EB76D08CEC}.Release|Any CPU.Build.0 = Release|Any CPU
		{2EB22F88-7F67-411A-907F-E2BEE6E87D0F}.Debug|Any CPU.ActiveCfg = Debug|Any CPU
		{2EB22F88-7F67-411A-907F-E2BEE6E87D0F}.Debug|Any CPU.Build.0 = Debug|Any CPU
		{2EB22F88-7F67-411A-907F-E2BEE6E87D0F}.Release|Any CPU.ActiveCfg = Release|Any CPU
		{2EB22F88-7F67-411A-907F-E2BEE6E87D0F}.Release|Any CPU.Build.0 = Release|Any CPU
		{C02A4F95-832B-49E5-9EF7-9793590C06B3}.Debug|Any CPU.ActiveCfg = Debug|Any CPU
		{C02A4F95-832B-49E5-9EF7-9793590C06B3}.Debug|Any CPU.Build.0 = Debug|Any CPU
		{C02A4F95-832B-49E5-9EF7-9793590C06B3}.Release|Any CPU.ActiveCfg = Release|Any CPU
		{C02A4F95-832B-49E5-9EF7-9793590C06B3}.Release|Any CPU.Build.0 = Release|Any CPU
		{2B6F2558-3C7F-471C-B8BF-C9BFA5554C41}.Debug|Any CPU.ActiveCfg = Debug|Any CPU
		{2B6F2558-3C7F-471C-B8BF-C9BFA5554C41}.Debug|Any CPU.Build.0 = Debug|Any CPU
		{2B6F2558-3C7F-471C-B8BF-C9BFA5554C41}.Release|Any CPU.ActiveCfg = Release|Any CPU
		{2B6F2558-3C7F-471C-B8BF-C9BFA5554C41}.Release|Any CPU.Build.0 = Release|Any CPU
		{6404FB8F-4A44-413C-8FAB-3052B4BBCA13}.Debug|Any CPU.ActiveCfg = Debug|Any CPU
		{6404FB8F-4A44-413C-8FAB-3052B4BBCA13}.Debug|Any CPU.Build.0 = Debug|Any CPU
		{6404FB8F-4A44-413C-8FAB-3052B4BBCA13}.Release|Any CPU.ActiveCfg = Release|Any CPU
		{6404FB8F-4A44-413C-8FAB-3052B4BBCA13}.Release|Any CPU.Build.0 = Release|Any CPU
		{F138A789-61B7-4123-8105-E659901C3CF8}.Debug|Any CPU.ActiveCfg = Debug|Any CPU
		{F138A789-61B7-4123-8105-E659901C3CF8}.Debug|Any CPU.Build.0 = Debug|Any CPU
		{F138A789-61B7-4123-8105-E659901C3CF8}.Release|Any CPU.ActiveCfg = Release|Any CPU
		{F138A789-61B7-4123-8105-E659901C3CF8}.Release|Any CPU.Build.0 = Release|Any CPU
		{BCF5C327-716A-4728-8AEA-4CE2B4C41975}.Debug|Any CPU.ActiveCfg = Debug|Any CPU
		{BCF5C327-716A-4728-8AEA-4CE2B4C41975}.Debug|Any CPU.Build.0 = Debug|Any CPU
		{BCF5C327-716A-4728-8AEA-4CE2B4C41975}.Release|Any CPU.ActiveCfg = Release|Any CPU
		{BCF5C327-716A-4728-8AEA-4CE2B4C41975}.Release|Any CPU.Build.0 = Release|Any CPU
	EndGlobalSection
	GlobalSection(SolutionProperties) = preSolution
		HideSolutionNode = FALSE
	EndGlobalSection
	GlobalSection(NestedProjects) = preSolution
		{03E74189-21E4-44E8-9C77-2C808829E987} = {29E55057-30A9-4957-BDA3-7C013374B6FD}
		{D492D8E8-2409-47C0-AA60-B7B53CA71C26} = {29E55057-30A9-4957-BDA3-7C013374B6FD}
		{38881E37-BA45-4123-9CDD-97EB76D08CEC} = {0D8C956F-A7CD-4761-A7DE-EB7A714C5052}
		{2EB22F88-7F67-411A-907F-E2BEE6E87D0F} = {0D8C956F-A7CD-4761-A7DE-EB7A714C5052}
		{C02A4F95-832B-49E5-9EF7-9793590C06B3} = {0D8C956F-A7CD-4761-A7DE-EB7A714C5052}
		{2B6F2558-3C7F-471C-B8BF-C9BFA5554C41} = {0D8C956F-A7CD-4761-A7DE-EB7A714C5052}
		{6404FB8F-4A44-413C-8FAB-3052B4BBCA13} = {67AF0932-9566-4593-B897-4D158FA48752}
		{F138A789-61B7-4123-8105-E659901C3CF8} = {0D8C956F-A7CD-4761-A7DE-EB7A714C5052}
		{BCF5C327-716A-4728-8AEA-4CE2B4C41975} = {0D8C956F-A7CD-4761-A7DE-EB7A714C5052}
	EndGlobalSection
	GlobalSection(ExtensibilityGlobals) = postSolution
		SolutionGuid = {8D8B5A15-B2F8-47A5-AED7-CAF13A7FD896}
	EndGlobalSection
EndGlobal
